
Microsoft Visual Studio Solution File, Format Version 12.00
Project("{FAE04EC0-301F-11D3-BF4B-00C04F79EFBC}") = "Library", "Library\Library.csproj", "{F8122806-BC10-47CB-9580-29345BBDB246}"
EndProject
Project("{FAE04EC0-301F-11D3-BF4B-00C04F79EFBC}") = "ConsoleMode", "ConsoleMode\ConsoleMode.csproj", "{79D9A4B2-D0CF-480B-8549-1585776BA80B}"
EndProject
Project("{FAE04EC0-301F-11D3-BF4B-00C04F79EFBC}") = "WpfLbc", "WpfLbc\WpfLbc.csproj", "{9130DFF9-A86C-401B-9274-19699CE3F264}"
EndProject
Global
	GlobalSection(SolutionConfigurationPlatforms) = preSolution
		Debug|Any CPU = Debug|Any CPU
		Release|Any CPU = Release|Any CPU
	EndGlobalSection
	GlobalSection(ProjectConfigurationPlatforms) = postSolution
		{F8122806-BC10-47CB-9580-29345BBDB246}.Debug|Any CPU.ActiveCfg = Debug|Any CPU
		{F8122806-BC10-47CB-9580-29345BBDB246}.Debug|Any CPU.Build.0 = Debug|Any CPU
		{F8122806-BC10-47CB-9580-29345BBDB246}.Release|Any CPU.ActiveCfg = Release|Any CPU
		{F8122806-BC10-47CB-9580-29345BBDB246}.Release|Any CPU.Build.0 = Release|Any CPU
		{79D9A4B2-D0CF-480B-8549-1585776BA80B}.Debug|Any CPU.ActiveCfg = Debug|Any CPU
		{79D9A4B2-D0CF-480B-8549-1585776BA80B}.Debug|Any CPU.Build.0 = Debug|Any CPU
		{79D9A4B2-D0CF-480B-8549-1585776BA80B}.Release|Any CPU.ActiveCfg = Release|Any CPU
		{79D9A4B2-D0CF-480B-8549-1585776BA80B}.Release|Any CPU.Build.0 = Release|Any CPU
		{9130DFF9-A86C-401B-9274-19699CE3F264}.Debug|Any CPU.ActiveCfg = Debug|Any CPU
		{9130DFF9-A86C-401B-9274-19699CE3F264}.Debug|Any CPU.Build.0 = Debug|Any CPU
		{9130DFF9-A86C-401B-9274-19699CE3F264}.Release|Any CPU.ActiveCfg = Release|Any CPU
		{9130DFF9-A86C-401B-9274-19699CE3F264}.Release|Any CPU.Build.0 = Release|Any CPU
	EndGlobalSection
EndGlobal
